lockfileVersion: '9.0'

settings:
  autoInstallPeers: true
  excludeLinksFromLockfile: false

importers:

  .:
    dependencies:
      hono:
        specifier: ^4.9.8
        version: 4.10.6
      hono-party:
        specifier: ^0.0.17
        version: 0.0.17(@cloudflare/workers-types@4.20251113.0)(hono@4.10.6)(partyserver@0.0.75(@cloudflare/workers-types@4.20251113.0))
      partyserver:
        specifier: ^0.0.75
        version: 0.0.75(@cloudflare/workers-types@4.20251113.0)
      partysocket:
        specifier: ^1.1.6
        version: 1.1.6
      react:
        specifier: ^19.1.1
        version: 19.2.0
      react-dom:
        specifier: ^19.1.1
        version: 19.2.0(react@19.2.0)
    devDependencies:
      '@types/react':
        specifier: ^19.1.13
        version: 19.2.4
      '@types/react-dom':
        specifier: ^19.1.9
        version: 19.2.3(@types/react@19.2.4)

packages:

  '@cloudflare/workers-types@4.20251113.0':
    resolution: {integrity: sha512-AMntYysoQzuc1aXLjkNLmFcuyxzCrZ/dfatnt2Lw4rf3aFtnM6RZKZ+zLhb+xjgjlrI7tzC86ay3gqYqKa2Qxg==}

  '@types/react-dom@19.2.3':
    resolution: {integrity: sha512-jp2L/eY6fn+KgVVQAOqYItbF0VY/YApe5Mz2F0aykSO8gx31bYCZyvSeYxCHKvzHG5eZjc+zyaS5BrBWya2+kQ==}
    peerDependencies:
      '@types/react': ^19.2.0

  '@types/react@19.2.4':
    resolution: {integrity: sha512-tBFxBp9Nfyy5rsmefN+WXc1JeW/j2BpBHFdLZbEVfs9wn3E3NRFxwV0pJg8M1qQAexFpvz73hJXFofV0ZAu92A==}

  csstype@3.2.0:
    resolution: {integrity: sha512-si++xzRAY9iPp60roQiFta7OFbhrgvcthrhlNAGeQptSY25uJjkfUV8OArC3KLocB8JT8ohz+qgxWCmz8RhjIg==}

  event-target-polyfill@0.0.4:
    resolution: {integrity: sha512-Gs6RLjzlLRdT8X9ZipJdIZI/Y6/HhRLyq9RdDlCsnpxr/+Nn6bU2EFGuC94GjxqhM+Nmij2Vcq98yoHrU8uNFQ==}

  hono-party@0.0.17:
    resolution: {integrity: sha512-AtocpGsCTaY/EaXGSHBslaO1Uew61/h3OcIoQw1jRy+sc47X3XnqgVt8boR7D88GOS6dV9EA6s5+keZZXGxSxw==}
    peerDependencies:
      '@cloudflare/workers-types': ^4.20240729.0
      hono: ^4.6.17
      partyserver: ^0.0.75

  hono@4.10.6:
    resolution: {integrity: sha512-BIdolzGpDO9MQ4nu3AUuDwHZZ+KViNm+EZ75Ae55eMXMqLVhDFqEMXxtUe9Qh8hjL+pIna/frs2j6Y2yD5Ua/g==}
    engines: {node: '>=16.9.0'}

  nanoid@5.1.6:
    resolution: {integrity: sha512-c7+7RQ+dMB5dPwwCp4ee1/iV/q2P6aK1mTZcfr1BTuVlyW9hJYiMPybJCcnBlQtuSmTIWNeazm/zqNoZSSElBg==}
    engines: {node: ^18 || >=20}
    hasBin: true

  partyserver@0.0.75:
    resolution: {integrity: sha512-i/18vvdxuGjx+rpQ+fDdExlvQoRb7EfTF+6b+kA2ILEpHemtpLWV8NdgDrOPEklRNdCc/4WlzDtYn05d17aZAQ==}
    peerDependencies:
      '@cloudflare/workers-types': ^4.20240729.0

  partysocket@1.1.6:
    resolution: {integrity: sha512-LkEk8N9hMDDsDT0iDK0zuwUDFVrVMUXFXCeN3850Ng8wtjPqPBeJlwdeY6ROlJSEh3tPoTTasXoSBYH76y118w==}

  react-dom@19.2.0:
    resolution: {integrity: sha512-UlbRu4cAiGaIewkPyiRGJk0imDN2T3JjieT6spoL2UeSf5od4n5LB/mQ4ejmxhCFT1tYe8IvaFulzynWovsEFQ==}
    peerDependencies:
      react: ^19.2.0

  react@19.2.0:
    resolution: {integrity: sha512-tmbWg6W31tQLeB5cdIBOicJDJRR2KzXsV7uSK9iNfLWQ5bIZfxuPEHp7M8wiHyHnn0DD1i7w3Zmin0FtkrwoCQ==}
    engines: {node: '>=0.10.0'}

  scheduler@0.27.0:
    resolution: {integrity: sha512-eNv+WrVbKu1f3vbYJT/xtiF5syA5HPIMtf9IgY/nKg0sWqzAUEvqY/xm7OcZc/qafLx/iO9FgOmeSAp4v5ti/Q==}

snapshots:

  '@cloudflare/workers-types@4.20251113.0': {}

  '@types/react-dom@19.2.3(@types/react@19.2.4)':
    dependencies:
      '@types/react': 19.2.4

  '@types/react@19.2.4':
    dependencies:
      csstype: 3.2.0

  csstype@3.2.0: {}

  event-target-polyfill@0.0.4: {}

  hono-party@0.0.17(@cloudflare/workers-types@4.20251113.0)(hono@4.10.6)(partyserver@0.0.75(@cloudflare/workers-types@4.20251113.0)):
    dependencies:
      '@cloudflare/workers-types': 4.20251113.0
      hono: 4.10.6
      partyserver: 0.0.75(@cloudflare/workers-types@4.20251113.0)

  hono@4.10.6: {}

  nanoid@5.1.6: {}

  partyserver@0.0.75(@cloudflare/workers-types@4.20251113.0):
    dependencies:
      '@cloudflare/workers-types': 4.20251113.0
      nanoid: 5.1.6

  partysocket@1.1.6:
    dependencies:
      event-target-polyfill: 0.0.4

  react-dom@19.2.0(react@19.2.0):
    dependencies:
      react: 19.2.0
      scheduler: 0.27.0

  react@19.2.0: {}

  scheduler@0.27.0: {}
